// !$*UTF8*$!
{
	archiveVersion = 1;
	classes = {
	};
	objectVersion = 56;
	objects = {

/* Begin PBXBuildFile section */
		871059E72CC3B1F500C4362D /* ConsistencyRankingFeature.swift in Sources */ = {isa = PBXBuildFile; fileRef = 871059E62CC3B1F500C4362D /* ConsistencyRankingFeature.swift */; };
		871059E92CC3B1FD00C4362D /* PushUpRankingFeature.swift in Sources */ = {isa = PBXBuildFile; fileRef = 871059E82CC3B1FD00C4362D /* PushUpRankingFeature.swift */; };
		871059EB2CC3B26300C4362D /* RankingType.swift in Sources */ = {isa = PBXBuildFile; fileRef = 871059EA2CC3B26300C4362D /* RankingType.swift */; };
		871059ED2CC3BBEE00C4362D /* HeaderTabView.swift in Sources */ = {isa = PBXBuildFile; fileRef = 871059EC2CC3BBEE00C4362D /* HeaderTabView.swift */; };
		8717B5DA2CC1FA7900542061 /* PhysicalTrackApp.swift in Sources */ = {isa = PBXBuildFile; fileRef = 8717B5D92CC1FA7900542061 /* PhysicalTrackApp.swift */; };
		8717B5DC2CC1FA7900542061 /* WorkoutView.swift in Sources */ = {isa = PBXBuildFile; fileRef = 8717B5DB2CC1FA7900542061 /* WorkoutView.swift */; };
		8717B5DE2CC1FA7B00542061 /* Assets.xcassets in Resources */ = {isa = PBXBuildFile; fileRef = 8717B5DD2CC1FA7B00542061 /* Assets.xcassets */; };
		8717B5E12CC1FA7B00542061 /* Preview Assets.xcassets in Resources */ = {isa = PBXBuildFile; fileRef = 8717B5E02CC1FA7B00542061 /* Preview Assets.xcassets */; };
		8717B5E92CC1FABB00542061 /* ComposableArchitecture in Frameworks */ = {isa = PBXBuildFile; productRef = 8717B5E82CC1FABB00542061 /* ComposableArchitecture */; };
		8717B5F42CC1FD6B00542061 /* WorkoutFeature.swift in Sources */ = {isa = PBXBuildFile; fileRef = 8717B5F32CC1FD6B00542061 /* WorkoutFeature.swift */; };
		872F5F392CE4733700887565 /* WorkoutFeatureTests.swift in Sources */ = {isa = PBXBuildFile; fileRef = 872F5F382CE4733700887565 /* WorkoutFeatureTests.swift */; };
		8735D7212CC20DCA00C7824C /* TimerFeature.swift in Sources */ = {isa = PBXBuildFile; fileRef = 8735D7202CC20DCA00C7824C /* TimerFeature.swift */; };
		8735D7232CC20DD200C7824C /* TimerView.swift in Sources */ = {isa = PBXBuildFile; fileRef = 8735D7222CC20DD200C7824C /* TimerView.swift */; };
		8735D7262CC21A8000C7824C /* Int+.swift in Sources */ = {isa = PBXBuildFile; fileRef = 8735D7252CC21A8000C7824C /* Int+.swift */; };
		8735D7292CC230BD00C7824C /* WorkoutResultFeature.swift in Sources */ = {isa = PBXBuildFile; fileRef = 8735D7282CC230BD00C7824C /* WorkoutResultFeature.swift */; };
		8735D72E2CC242CD00C7824C /* WorkoutResultView.swift in Sources */ = {isa = PBXBuildFile; fileRef = 8735D72D2CC242CD00C7824C /* WorkoutResultView.swift */; };
		8735D7302CC254C800C7824C /* Grade.swift in Sources */ = {isa = PBXBuildFile; fileRef = 8735D72F2CC254C800C7824C /* Grade.swift */; };
		8735D7322CC2557B00C7824C /* Workout.swift in Sources */ = {isa = PBXBuildFile; fileRef = 8735D7312CC2557B00C7824C /* Workout.swift */; };
		8735D7342CC25C6500C7824C /* PushUpRecord.swift in Sources */ = {isa = PBXBuildFile; fileRef = 8735D7332CC25C6500C7824C /* PushUpRecord.swift */; };
		8735D7362CC25C7A00C7824C /* PushUp.swift in Sources */ = {isa = PBXBuildFile; fileRef = 8735D7352CC25C7A00C7824C /* PushUp.swift */; };
		8735D7392CC2767000C7824C /* RootFeature.swift in Sources */ = {isa = PBXBuildFile; fileRef = 8735D7382CC2767000C7824C /* RootFeature.swift */; };
		8735D73B2CC2767600C7824C /* RootView.swift in Sources */ = {isa = PBXBuildFile; fileRef = 8735D73A2CC2767600C7824C /* RootView.swift */; };
		8735D73D2CC276F400C7824C /* StatisticsFeature.swift in Sources */ = {isa = PBXBuildFile; fileRef = 8735D73C2CC276F400C7824C /* StatisticsFeature.swift */; };
		8735D73F2CC2777E00C7824C /* RankingFeatrue.swift in Sources */ = {isa = PBXBuildFile; fileRef = 8735D73E2CC2777E00C7824C /* RankingFeatrue.swift */; };
		8735D7412CC2779600C7824C /* SettingFeature.swift in Sources */ = {isa = PBXBuildFile; fileRef = 8735D7402CC2779600C7824C /* SettingFeature.swift */; };
		8735D7432CC279DA00C7824C /* SettingView.swift in Sources */ = {isa = PBXBuildFile; fileRef = 8735D7422CC279DA00C7824C /* SettingView.swift */; };
		8735D7452CC27A2200C7824C /* RankingView.swift in Sources */ = {isa = PBXBuildFile; fileRef = 8735D7442CC27A2200C7824C /* RankingView.swift */; };
		8735D7472CC27A4900C7824C /* PTWebView.swift in Sources */ = {isa = PBXBuildFile; fileRef = 8735D7462CC27A4900C7824C /* PTWebView.swift */; };
		8735D74A2CC27C7E00C7824C /* MainTabView.swift in Sources */ = {isa = PBXBuildFile; fileRef = 8735D7492CC27C7E00C7824C /* MainTabView.swift */; };
		8735D74C2CC27C8C00C7824C /* MainFeature.swift in Sources */ = {isa = PBXBuildFile; fileRef = 8735D74B2CC27C8C00C7824C /* MainFeature.swift */; };
		8735D74E2CC27CD800C7824C /* MainScene.swift in Sources */ = {isa = PBXBuildFile; fileRef = 8735D74D2CC27CD800C7824C /* MainScene.swift */; };
		8735D7512CC27EF800C7824C /* OnboardingFeature.swift in Sources */ = {isa = PBXBuildFile; fileRef = 8735D7502CC27EF800C7824C /* OnboardingFeature.swift */; };
		8735D7532CC27EFE00C7824C /* OnboardingView.swift in Sources */ = {isa = PBXBuildFile; fileRef = 8735D7522CC27EFE00C7824C /* OnboardingView.swift */; };
		8735D7572CC371F100C7824C /* RankingDetailView.swift in Sources */ = {isa = PBXBuildFile; fileRef = 8735D7562CC371F100C7824C /* RankingDetailView.swift */; };
		8735D7592CC371FA00C7824C /* RankingDetailFeature.swift in Sources */ = {isa = PBXBuildFile; fileRef = 8735D7582CC371FA00C7824C /* RankingDetailFeature.swift */; };
		8735D75B2CC38D6F00C7824C /* GradeCriteria.swift in Sources */ = {isa = PBXBuildFile; fileRef = 8735D75A2CC38D6F00C7824C /* GradeCriteria.swift */; };
		8735D7602CC39E8200C7824C /* DTO.swift in Sources */ = {isa = PBXBuildFile; fileRef = 8735D75F2CC39E8200C7824C /* DTO.swift */; };
		8735D7622CC39E9800C7824C /* StatisticsResponse.swift in Sources */ = {isa = PBXBuildFile; fileRef = 8735D7612CC39E9800C7824C /* StatisticsResponse.swift */; };
		8735D7642CC3A1CA00C7824C /* RankingClient.swift in Sources */ = {isa = PBXBuildFile; fileRef = 8735D7632CC3A1CA00C7824C /* RankingClient.swift */; };
		8735D7672CC3A23400C7824C /* Networkable.swift in Sources */ = {isa = PBXBuildFile; fileRef = 8735D7662CC3A23400C7824C /* Networkable.swift */; };
		8735D7692CC3A38700C7824C /* RankingResponse.swift in Sources */ = {isa = PBXBuildFile; fileRef = 8735D7682CC3A38700C7824C /* RankingResponse.swift */; };
		873C81AD2CD92C700041F8FE /* PersistenceReaderKey+.swift in Sources */ = {isa = PBXBuildFile; fileRef = 873C81AC2CD92C700041F8FE /* PersistenceReaderKey+.swift */; };
		873C81B02CD92DB90041F8FE /* PTAppStorageKey.swift in Sources */ = {isa = PBXBuildFile; fileRef = 873C81AF2CD92DB90041F8FE /* PTAppStorageKey.swift */; };
		873E9C832CD11A2B0015FB45 /* Color.xcassets in Resources */ = {isa = PBXBuildFile; fileRef = 873E9C822CD11A2B0015FB45 /* Color.xcassets */; };
		873E9C872CD11F3D0015FB45 /* ButtonStyle.swift in Sources */ = {isa = PBXBuildFile; fileRef = 873E9C862CD11F3D0015FB45 /* ButtonStyle.swift */; };
		873E9C892CD137A50015FB45 /* View+.swift in Sources */ = {isa = PBXBuildFile; fileRef = 873E9C882CD137A50015FB45 /* View+.swift */; };
		873E9C8C2CD13D710015FB45 /* PTColorText.swift in Sources */ = {isa = PBXBuildFile; fileRef = 873E9C8B2CD13D710015FB45 /* PTColorText.swift */; };
		873E9C922CD14A870015FB45 /* RepresentableWebView.swift in Sources */ = {isa = PBXBuildFile; fileRef = 873E9C912CD14A870015FB45 /* RepresentableWebView.swift */; };
		873E9C942CD210C10015FB45 /* PTWebFeature.swift in Sources */ = {isa = PBXBuildFile; fileRef = 873E9C932CD210C10015FB45 /* PTWebFeature.swift */; };
		873E9C962CD462E00015FB45 /* StatisticsView.swift in Sources */ = {isa = PBXBuildFile; fileRef = 873E9C952CD462E00015FB45 /* StatisticsView.swift */; };
		874ED60D2CEDD6430033972E /* NetworkError.swift in Sources */ = {isa = PBXBuildFile; fileRef = 874ED60C2CEDD6430033972E /* NetworkError.swift */; };
		874ED60F2CEDD6540033972E /* HTTPMethod.swift in Sources */ = {isa = PBXBuildFile; fileRef = 874ED60E2CEDD6540033972E /* HTTPMethod.swift */; };
		874ED6112CEDD8CB0033972E /* URLRequestConvertible.swift in Sources */ = {isa = PBXBuildFile; fileRef = 874ED6102CEDD8CB0033972E /* URLRequestConvertible.swift */; };
		8754676D2CC3C57A00144BE3 /* HeaderTabFeature.swift in Sources */ = {isa = PBXBuildFile; fileRef = 8754676C2CC3C57A00144BE3 /* HeaderTabFeature.swift */; };
		87D49E482CE6003700B880DE /* TimerFeatureTests.swift in Sources */ = {isa = PBXBuildFile; fileRef = 87D49E472CE6003700B880DE /* TimerFeatureTests.swift */; };
		87E1E9F92CC41D61006FAA24 /* ProximityClient.swift in Sources */ = {isa = PBXBuildFile; fileRef = 87E1E9F82CC41D61006FAA24 /* ProximityClient.swift */; };
		87E1E9FC2CC4C529006FAA24 /* HapticClient.swift in Sources */ = {isa = PBXBuildFile; fileRef = 87E1E9FB2CC4C528006FAA24 /* HapticClient.swift */; };
		87E96B792CEDAE300053E39E /* WorkoutClient.swift in Sources */ = {isa = PBXBuildFile; fileRef = 87E96B782CEDAE300053E39E /* WorkoutClient.swift */; };
		87E96B7B2CEDC0840053E39E /* PushUpRecordDTO.swift in Sources */ = {isa = PBXBuildFile; fileRef = 87E96B7A2CEDC0840053E39E /* PushUpRecordDTO.swift */; };
		87FFBD6B2CD54DA2001AB389 /* AuthClient.swift in Sources */ = {isa = PBXBuildFile; fileRef = 87FFBD6A2CD54DA2001AB389 /* AuthClient.swift */; };
		87FFBD6D2CD54E02001AB389 /* SignInRequest.swift in Sources */ = {isa = PBXBuildFile; fileRef = 87FFBD6C2CD54E02001AB389 /* SignInRequest.swift */; };
		87FFBD6F2CD54EA9001AB389 /* SignUp.swift in Sources */ = {isa = PBXBuildFile; fileRef = 87FFBD6E2CD54EA9001AB389 /* SignUp.swift */; };
		87FFBD712CD55198001AB389 /* AppClient.swift in Sources */ = {isa = PBXBuildFile; fileRef = 87FFBD702CD55198001AB389 /* AppClient.swift */; };
		87FFBD732CD65C45001AB389 /* JWTDecoder.swift in Sources */ = {isa = PBXBuildFile; fileRef = 87FFBD722CD65C45001AB389 /* JWTDecoder.swift */; };
		87FFBD7B2CD660CE001AB389 /* JWTDecoderTests.swift in Sources */ = {isa = PBXBuildFile; fileRef = 87FFBD7A2CD660CE001AB389 /* JWTDecoderTests.swift */; };
/* End PBXBuildFile section */

/* Begin PBXContainerItemProxy section */
		87FFBD7C2CD660CE001AB389 /* PBXContainerItemProxy */ = {
			isa = PBXContainerItemProxy;
			containerPortal = 8717B5CE2CC1FA7900542061 /* Project object */;
			proxyType = 1;
			remoteGlobalIDString = 8717B5D52CC1FA7900542061;
			remoteInfo = PhysicalTrack;
		};
/* End PBXContainerItemProxy section */

/* Begin PBXFileReference section */
		871059E62CC3B1F500C4362D /* ConsistencyRankingFeature.swift */ = {isa = PBXFileReference; lastKnownFileType = sourcecode.swift; path = ConsistencyRankingFeature.swift; sourceTree = "<group>"; };
		871059E82CC3B1FD00C4362D /* PushUpRankingFeature.swift */ = {isa = PBXFileReference; lastKnownFileType = sourcecode.swift; path = PushUpRankingFeature.swift; sourceTree = "<group>"; };
		871059EA2CC3B26300C4362D /* RankingType.swift */ = {isa = PBXFileReference; lastKnownFileType = sourcecode.swift; path = RankingType.swift; sourceTree = "<group>"; };
		871059EC2CC3BBEE00C4362D /* HeaderTabView.swift */ = {isa = PBXFileReference; lastKnownFileType = sourcecode.swift; path = HeaderTabView.swift; sourceTree = "<group>"; };
		8717B5D62CC1FA7900542061 /* PhysicalTrack.app */ = {isa = PBXFileReference; explicitFileType = wrapper.application; includeInIndex = 0; path = PhysicalTrack.app; sourceTree = BUILT_PRODUCTS_DIR; };
		8717B5D92CC1FA7900542061 /* PhysicalTrackApp.swift */ = {isa = PBXFileReference; lastKnownFileType = sourcecode.swift; path = PhysicalTrackApp.swift; sourceTree = "<group>"; };
		8717B5DB2CC1FA7900542061 /* WorkoutView.swift */ = {isa = PBXFileReference; lastKnownFileType = sourcecode.swift; path = WorkoutView.swift; sourceTree = "<group>"; };
		8717B5DD2CC1FA7B00542061 /* Assets.xcassets */ = {isa = PBXFileReference; lastKnownFileType = folder.assetcatalog; path = Assets.xcassets; sourceTree = "<group>"; };
		8717B5E02CC1FA7B00542061 /* Preview Assets.xcassets */ = {isa = PBXFileReference; lastKnownFileType = folder.assetcatalog; path = "Preview Assets.xcassets"; sourceTree = "<group>"; };
		8717B5F32CC1FD6B00542061 /* WorkoutFeature.swift */ = {isa = PBXFileReference; lastKnownFileType = sourcecode.swift; path = WorkoutFeature.swift; sourceTree = "<group>"; };
		872F5F382CE4733700887565 /* WorkoutFeatureTests.swift */ = {isa = PBXFileReference; lastKnownFileType = sourcecode.swift; path = WorkoutFeatureTests.swift; sourceTree = "<group>"; };
		8735D7202CC20DCA00C7824C /* TimerFeature.swift */ = {isa = PBXFileReference; lastKnownFileType = sourcecode.swift; path = TimerFeature.swift; sourceTree = "<group>"; };
		8735D7222CC20DD200C7824C /* TimerView.swift */ = {isa = PBXFileReference; lastKnownFileType = sourcecode.swift; path = TimerView.swift; sourceTree = "<group>"; };
		8735D7252CC21A8000C7824C /* Int+.swift */ = {isa = PBXFileReference; lastKnownFileType = sourcecode.swift; path = "Int+.swift"; sourceTree = "<group>"; };
		8735D7282CC230BD00C7824C /* WorkoutResultFeature.swift */ = {isa = PBXFileReference; lastKnownFileType = sourcecode.swift; path = WorkoutResultFeature.swift; sourceTree = "<group>"; };
		8735D72D2CC242CD00C7824C /* WorkoutResultView.swift */ = {isa = PBXFileReference; lastKnownFileType = sourcecode.swift; path = WorkoutResultView.swift; sourceTree = "<group>"; };
		8735D72F2CC254C800C7824C /* Grade.swift */ = {isa = PBXFileReference; lastKnownFileType = sourcecode.swift; path = Grade.swift; sourceTree = "<group>"; };
		8735D7312CC2557B00C7824C /* Workout.swift */ = {isa = PBXFileReference; lastKnownFileType = sourcecode.swift; path = Workout.swift; sourceTree = "<group>"; };
		8735D7332CC25C6500C7824C /* PushUpRecord.swift */ = {isa = PBXFileReference; lastKnownFileType = sourcecode.swift; path = PushUpRecord.swift; sourceTree = "<group>"; };
		8735D7352CC25C7A00C7824C /* PushUp.swift */ = {isa = PBXFileReference; lastKnownFileType = sourcecode.swift; path = PushUp.swift; sourceTree = "<group>"; };
		8735D7382CC2767000C7824C /* RootFeature.swift */ = {isa = PBXFileReference; lastKnownFileType = sourcecode.swift; path = RootFeature.swift; sourceTree = "<group>"; };
		8735D73A2CC2767600C7824C /* RootView.swift */ = {isa = PBXFileReference; lastKnownFileType = sourcecode.swift; path = RootView.swift; sourceTree = "<group>"; };
		8735D73C2CC276F400C7824C /* StatisticsFeature.swift */ = {isa = PBXFileReference; lastKnownFileType = sourcecode.swift; path = StatisticsFeature.swift; sourceTree = "<group>"; };
		8735D73E2CC2777E00C7824C /* RankingFeatrue.swift */ = {isa = PBXFileReference; lastKnownFileType = sourcecode.swift; path = RankingFeatrue.swift; sourceTree = "<group>"; };
		8735D7402CC2779600C7824C /* SettingFeature.swift */ = {isa = PBXFileReference; lastKnownFileType = sourcecode.swift; path = SettingFeature.swift; sourceTree = "<group>"; };
		8735D7422CC279DA00C7824C /* SettingView.swift */ = {isa = PBXFileReference; lastKnownFileType = sourcecode.swift; path = SettingView.swift; sourceTree = "<group>"; };
		8735D7442CC27A2200C7824C /* RankingView.swift */ = {isa = PBXFileReference; lastKnownFileType = sourcecode.swift; path = RankingView.swift; sourceTree = "<group>"; };
		8735D7462CC27A4900C7824C /* PTWebView.swift */ = {isa = PBXFileReference; lastKnownFileType = sourcecode.swift; path = PTWebView.swift; sourceTree = "<group>"; };
		8735D7492CC27C7E00C7824C /* MainTabView.swift */ = {isa = PBXFileReference; lastKnownFileType = sourcecode.swift; path = MainTabView.swift; sourceTree = "<group>"; };
		8735D74B2CC27C8C00C7824C /* MainFeature.swift */ = {isa = PBXFileReference; lastKnownFileType = sourcecode.swift; path = MainFeature.swift; sourceTree = "<group>"; };
		8735D74D2CC27CD800C7824C /* MainScene.swift */ = {isa = PBXFileReference; lastKnownFileType = sourcecode.swift; path = MainScene.swift; sourceTree = "<group>"; };
		8735D7502CC27EF800C7824C /* OnboardingFeature.swift */ = {isa = PBXFileReference; lastKnownFileType = sourcecode.swift; path = OnboardingFeature.swift; sourceTree = "<group>"; };
		8735D7522CC27EFE00C7824C /* OnboardingView.swift */ = {isa = PBXFileReference; lastKnownFileType = sourcecode.swift; path = OnboardingView.swift; sourceTree = "<group>"; };
		8735D7562CC371F100C7824C /* RankingDetailView.swift */ = {isa = PBXFileReference; lastKnownFileType = sourcecode.swift; path = RankingDetailView.swift; sourceTree = "<group>"; };
		8735D7582CC371FA00C7824C /* RankingDetailFeature.swift */ = {isa = PBXFileReference; lastKnownFileType = sourcecode.swift; path = RankingDetailFeature.swift; sourceTree = "<group>"; };
		8735D75A2CC38D6F00C7824C /* GradeCriteria.swift */ = {isa = PBXFileReference; lastKnownFileType = sourcecode.swift; path = GradeCriteria.swift; sourceTree = "<group>"; };
		8735D75F2CC39E8200C7824C /* DTO.swift */ = {isa = PBXFileReference; lastKnownFileType = sourcecode.swift; path = DTO.swift; sourceTree = "<group>"; };
		8735D7612CC39E9800C7824C /* StatisticsResponse.swift */ = {isa = PBXFileReference; lastKnownFileType = sourcecode.swift; path = StatisticsResponse.swift; sourceTree = "<group>"; };
		8735D7632CC3A1CA00C7824C /* RankingClient.swift */ = {isa = PBXFileReference; lastKnownFileType = sourcecode.swift; path = RankingClient.swift; sourceTree = "<group>"; };
		8735D7662CC3A23400C7824C /* Networkable.swift */ = {isa = PBXFileReference; lastKnownFileType = sourcecode.swift; path = Networkable.swift; sourceTree = "<group>"; };
		8735D7682CC3A38700C7824C /* RankingResponse.swift */ = {isa = PBXFileReference; lastKnownFileType = sourcecode.swift; path = RankingResponse.swift; sourceTree = "<group>"; };
		873C81AC2CD92C700041F8FE /* PersistenceReaderKey+.swift */ = {isa = PBXFileReference; lastKnownFileType = sourcecode.swift; path = "PersistenceReaderKey+.swift"; sourceTree = "<group>"; };
		873C81AF2CD92DB90041F8FE /* PTAppStorageKey.swift */ = {isa = PBXFileReference; lastKnownFileType = sourcecode.swift; path = PTAppStorageKey.swift; sourceTree = "<group>"; };
		873E9C822CD11A2B0015FB45 /* Color.xcassets */ = {isa = PBXFileReference; lastKnownFileType = folder.assetcatalog; path = Color.xcassets; sourceTree = "<group>"; };
		873E9C842CD11DE00015FB45 /* Info.plist */ = {isa = PBXFileReference; lastKnownFileType = text.plist; path = Info.plist; sourceTree = "<group>"; };
		873E9C862CD11F3D0015FB45 /* ButtonStyle.swift */ = {isa = PBXFileReference; lastKnownFileType = sourcecode.swift; path = ButtonStyle.swift; sourceTree = "<group>"; };
		873E9C882CD137A50015FB45 /* View+.swift */ = {isa = PBXFileReference; lastKnownFileType = sourcecode.swift; path = "View+.swift"; sourceTree = "<group>"; };
		873E9C8B2CD13D710015FB45 /* PTColorText.swift */ = {isa = PBXFileReference; lastKnownFileType = sourcecode.swift; path = PTColorText.swift; sourceTree = "<group>"; };
		873E9C912CD14A870015FB45 /* RepresentableWebView.swift */ = {isa = PBXFileReference; lastKnownFileType = sourcecode.swift; path = RepresentableWebView.swift; sourceTree = "<group>"; };
		873E9C932CD210C10015FB45 /* PTWebFeature.swift */ = {isa = PBXFileReference; lastKnownFileType = sourcecode.swift; path = PTWebFeature.swift; sourceTree = "<group>"; };
		873E9C952CD462E00015FB45 /* StatisticsView.swift */ = {isa = PBXFileReference; lastKnownFileType = sourcecode.swift; path = StatisticsView.swift; sourceTree = "<group>"; };
		874ED60C2CEDD6430033972E /* NetworkError.swift */ = {isa = PBXFileReference; lastKnownFileType = sourcecode.swift; path = NetworkError.swift; sourceTree = "<group>"; };
		874ED60E2CEDD6540033972E /* HTTPMethod.swift */ = {isa = PBXFileReference; lastKnownFileType = sourcecode.swift; path = HTTPMethod.swift; sourceTree = "<group>"; };
		874ED6102CEDD8CB0033972E /* URLRequestConvertible.swift */ = {isa = PBXFileReference; lastKnownFileType = sourcecode.swift; path = URLRequestConvertible.swift; sourceTree = "<group>"; };
		8754676C2CC3C57A00144BE3 /* HeaderTabFeature.swift */ = {isa = PBXFileReference; lastKnownFileType = sourcecode.swift; path = HeaderTabFeature.swift; sourceTree = "<group>"; };
		87D49E472CE6003700B880DE /* TimerFeatureTests.swift */ = {isa = PBXFileReference; lastKnownFileType = sourcecode.swift; path = TimerFeatureTests.swift; sourceTree = "<group>"; };
		87E1E9F82CC41D61006FAA24 /* ProximityClient.swift */ = {isa = PBXFileReference; lastKnownFileType = sourcecode.swift; path = ProximityClient.swift; sourceTree = "<group>"; };
		87E1E9FB2CC4C528006FAA24 /* HapticClient.swift */ = {isa = PBXFileReference; lastKnownFileType = sourcecode.swift; path = HapticClient.swift; sourceTree = "<group>"; };
		87E96B782CEDAE300053E39E /* WorkoutClient.swift */ = {isa = PBXFileReference; lastKnownFileType = sourcecode.swift; path = WorkoutClient.swift; sourceTree = "<group>"; };
		87E96B7A2CEDC0840053E39E /* PushUpRecordDTO.swift */ = {isa = PBXFileReference; lastKnownFileType = sourcecode.swift; path = PushUpRecordDTO.swift; sourceTree = "<group>"; };
		87FFBD6A2CD54DA2001AB389 /* AuthClient.swift */ = {isa = PBXFileReference; lastKnownFileType = sourcecode.swift; path = AuthClient.swift; sourceTree = "<group>"; };
		87FFBD6C2CD54E02001AB389 /* SignInRequest.swift */ = {isa = PBXFileReference; lastKnownFileType = sourcecode.swift; path = SignInRequest.swift; sourceTree = "<group>"; };
		87FFBD6E2CD54EA9001AB389 /* SignUp.swift */ = {isa = PBXFileReference; lastKnownFileType = sourcecode.swift; path = SignUp.swift; sourceTree = "<group>"; };
		87FFBD702CD55198001AB389 /* AppClient.swift */ = {isa = PBXFileReference; lastKnownFileType = sourcecode.swift; path = AppClient.swift; sourceTree = "<group>"; };
		87FFBD722CD65C45001AB389 /* JWTDecoder.swift */ = {isa = PBXFileReference; lastKnownFileType = sourcecode.swift; path = JWTDecoder.swift; sourceTree = "<group>"; };
		87FFBD782CD660CE001AB389 /* PhysicalTrackUnitTests.xctest */ = {isa = PBXFileReference; explicitFileType = wrapper.cfbundle; includeInIndex = 0; path = PhysicalTrackUnitTests.xctest; sourceTree = BUILT_PRODUCTS_DIR; };
		87FFBD7A2CD660CE001AB389 /* JWTDecoderTests.swift */ = {isa = PBXFileReference; lastKnownFileType = sourcecode.swift; path = JWTDecoderTests.swift; sourceTree = "<group>"; };
/* End PBXFileReference section */

/* Begin PBXFrameworksBuildPhase section */
		8717B5D32CC1FA7900542061 /* Frameworks */ = {
			isa = PBXFrameworksBuildPhase;
			buildActionMask = 2147483647;
			files = (
				8717B5E92CC1FABB00542061 /* ComposableArchitecture in Frameworks */,
			);
			runOnlyForDeploymentPostprocessing = 0;
		};
		87FFBD752CD660CE001AB389 /* Frameworks */ = {
			isa = PBXFrameworksBuildPhase;
			buildActionMask = 2147483647;
			files = (
			);
			runOnlyForDeploymentPostprocessing = 0;
		};
/* End PBXFrameworksBuildPhase section */

/* Begin PBXGroup section */
		8717B5CD2CC1FA7900542061 = {
			isa = PBXGroup;
			children = (
				8717B5D82CC1FA7900542061 /* PhysicalTrack */,
				87FFBD792CD660CE001AB389 /* PhysicalTrackUnitTests */,
				8717B5D72CC1FA7900542061 /* Products */,
			);
			sourceTree = "<group>";
		};
		8717B5D72CC1FA7900542061 /* Products */ = {
			isa = PBXGroup;
			children = (
				8717B5D62CC1FA7900542061 /* PhysicalTrack.app */,
				87FFBD782CD660CE001AB389 /* PhysicalTrackUnitTests.xctest */,
			);
			name = Products;
			sourceTree = "<group>";
		};
		8717B5D82CC1FA7900542061 /* PhysicalTrack */ = {
			isa = PBXGroup;
			children = (
				873E9C842CD11DE00015FB45 /* Info.plist */,
				8717B5EA2CC1FAF600542061 /* App */,
				8717B5EC2CC1FB0300542061 /* Domain */,
				8717B5ED2CC1FB0900542061 /* Feature */,
				8717B5EB2CC1FAFB00542061 /* Core */,
				8717B5EE2CC1FB1000542061 /* Shared */,
				8717B5DF2CC1FA7B00542061 /* Preview Content */,
			);
			path = PhysicalTrack;
			sourceTree = "<group>";
		};
		8717B5DF2CC1FA7B00542061 /* Preview Content */ = {
			isa = PBXGroup;
			children = (
				8717B5E02CC1FA7B00542061 /* Preview Assets.xcassets */,
			);
			path = "Preview Content";
			sourceTree = "<group>";
		};
		8717B5EA2CC1FAF600542061 /* App */ = {
			isa = PBXGroup;
			children = (
				8717B5D92CC1FA7900542061 /* PhysicalTrackApp.swift */,
			);
			path = App;
			sourceTree = "<group>";
		};
		8717B5EB2CC1FAFB00542061 /* Core */ = {
			isa = PBXGroup;
			children = (
				873C81AE2CD92DA30041F8FE /* Entity */,
				87E1EA142CC92074006FAA24 /* Client */,
				8735D71D2CC2046200C7824C /* NetworkClient */,
			);
			path = Core;
			sourceTree = "<group>";
		};
		8717B5EC2CC1FB0300542061 /* Domain */ = {
			isa = PBXGroup;
			children = (
				8735D7312CC2557B00C7824C /* Workout.swift */,
				8735D72F2CC254C800C7824C /* Grade.swift */,
				8735D75A2CC38D6F00C7824C /* GradeCriteria.swift */,
				8735D7352CC25C7A00C7824C /* PushUp.swift */,
				8735D7332CC25C6500C7824C /* PushUpRecord.swift */,
			);
			path = Domain;
			sourceTree = "<group>";
		};
		8717B5ED2CC1FB0900542061 /* Feature */ = {
			isa = PBXGroup;
			children = (
				8735D7372CC2766900C7824C /* Root */,
				8735D74F2CC27EE600C7824C /* Onboarding */,
				8735D7482CC27C7600C7824C /* Main */,
				8717B5EF2CC1FB2900542061 /* Workout */,
				8717B5F02CC1FB3000542061 /* Statistics */,
				8717B5F12CC1FB3D00542061 /* Ranking */,
				8717B5F22CC1FB4900542061 /* Setting */,
				873E9C902CD14A7A0015FB45 /* Web */,
			);
			path = Feature;
			sourceTree = "<group>";
		};
		8717B5EE2CC1FB1000542061 /* Shared */ = {
			isa = PBXGroup;
			children = (
				8735D71C2CC2044600C7824C /* Util */,
				8735D7172CC2012400C7824C /* DesignSystem */,
			);
			path = Shared;
			sourceTree = "<group>";
		};
		8717B5EF2CC1FB2900542061 /* Workout */ = {
			isa = PBXGroup;
			children = (
				8735D72C2CC2429800C7824C /* Workout */,
				8735D71F2CC20DBF00C7824C /* Timer */,
				8735D7272CC230A100C7824C /* WorkoutResult */,
			);
			path = Workout;
			sourceTree = "<group>";
		};
		8717B5F02CC1FB3000542061 /* Statistics */ = {
			isa = PBXGroup;
			children = (
				8735D73C2CC276F400C7824C /* StatisticsFeature.swift */,
				873E9C952CD462E00015FB45 /* StatisticsView.swift */,
			);
			path = Statistics;
			sourceTree = "<group>";
		};
		8717B5F12CC1FB3D00542061 /* Ranking */ = {
			isa = PBXGroup;
			children = (
				8735D7542CC371DA00C7824C /* Ranking */,
				8735D7552CC371E100C7824C /* RankingDetail */,
			);
			path = Ranking;
			sourceTree = "<group>";
		};
		8717B5F22CC1FB4900542061 /* Setting */ = {
			isa = PBXGroup;
			children = (
				8735D7402CC2779600C7824C /* SettingFeature.swift */,
				8735D7422CC279DA00C7824C /* SettingView.swift */,
			);
			path = Setting;
			sourceTree = "<group>";
		};
		8735D7172CC2012400C7824C /* DesignSystem */ = {
			isa = PBXGroup;
			children = (
				873E9C8A2CD13D510015FB45 /* View */,
				873E9C852CD11F340015FB45 /* Style */,
				8717B5DD2CC1FA7B00542061 /* Assets.xcassets */,
				873E9C822CD11A2B0015FB45 /* Color.xcassets */,
			);
			path = DesignSystem;
			sourceTree = "<group>";
		};
		8735D71C2CC2044600C7824C /* Util */ = {
			isa = PBXGroup;
			children = (
				8735D7242CC21A7500C7824C /* Extension */,
				87FFBD722CD65C45001AB389 /* JWTDecoder.swift */,
			);
			path = Util;
			sourceTree = "<group>";
		};
		8735D71D2CC2046200C7824C /* NetworkClient */ = {
			isa = PBXGroup;
			children = (
				8735D7652CC3A20F00C7824C /* Foundation */,
				8735D75E2CC39E7900C7824C /* DTO */,
				8735D7632CC3A1CA00C7824C /* RankingClient.swift */,
				87FFBD6A2CD54DA2001AB389 /* AuthClient.swift */,
				87E96B782CEDAE300053E39E /* WorkoutClient.swift */,
			);
			path = NetworkClient;
			sourceTree = "<group>";
		};
		8735D71F2CC20DBF00C7824C /* Timer */ = {
			isa = PBXGroup;
			children = (
				8735D7222CC20DD200C7824C /* TimerView.swift */,
				8735D7202CC20DCA00C7824C /* TimerFeature.swift */,
			);
			path = Timer;
			sourceTree = "<group>";
		};
		8735D7242CC21A7500C7824C /* Extension */ = {
			isa = PBXGroup;
			children = (
				8735D7252CC21A8000C7824C /* Int+.swift */,
				873E9C882CD137A50015FB45 /* View+.swift */,
				873C81AC2CD92C700041F8FE /* PersistenceReaderKey+.swift */,
			);
			path = Extension;
			sourceTree = "<group>";
		};
		8735D7272CC230A100C7824C /* WorkoutResult */ = {
			isa = PBXGroup;
			children = (
				8735D72D2CC242CD00C7824C /* WorkoutResultView.swift */,
				8735D7282CC230BD00C7824C /* WorkoutResultFeature.swift */,
			);
			path = WorkoutResult;
			sourceTree = "<group>";
		};
		8735D72C2CC2429800C7824C /* Workout */ = {
			isa = PBXGroup;
			children = (
				8717B5DB2CC1FA7900542061 /* WorkoutView.swift */,
				8717B5F32CC1FD6B00542061 /* WorkoutFeature.swift */,
			);
			path = Workout;
			sourceTree = "<group>";
		};
		8735D7372CC2766900C7824C /* Root */ = {
			isa = PBXGroup;
			children = (
				8735D73A2CC2767600C7824C /* RootView.swift */,
				8735D7382CC2767000C7824C /* RootFeature.swift */,
			);
			path = Root;
			sourceTree = "<group>";
		};
		8735D7482CC27C7600C7824C /* Main */ = {
			isa = PBXGroup;
			children = (
				8735D7492CC27C7E00C7824C /* MainTabView.swift */,
				8735D74B2CC27C8C00C7824C /* MainFeature.swift */,
				8735D74D2CC27CD800C7824C /* MainScene.swift */,
			);
			path = Main;
			sourceTree = "<group>";
		};
		8735D74F2CC27EE600C7824C /* Onboarding */ = {
			isa = PBXGroup;
			children = (
				8735D7522CC27EFE00C7824C /* OnboardingView.swift */,
				8735D7502CC27EF800C7824C /* OnboardingFeature.swift */,
			);
			path = Onboarding;
			sourceTree = "<group>";
		};
		8735D7542CC371DA00C7824C /* Ranking */ = {
			isa = PBXGroup;
			children = (
				8735D73E2CC2777E00C7824C /* RankingFeatrue.swift */,
				8735D7442CC27A2200C7824C /* RankingView.swift */,
				871059EA2CC3B26300C4362D /* RankingType.swift */,
			);
			path = Ranking;
			sourceTree = "<group>";
		};
		8735D7552CC371E100C7824C /* RankingDetail */ = {
			isa = PBXGroup;
			children = (
				8754676E2CC3DAAA00144BE3 /* HeaderTab */,
				8735D7562CC371F100C7824C /* RankingDetailView.swift */,
				8735D7582CC371FA00C7824C /* RankingDetailFeature.swift */,
				871059E62CC3B1F500C4362D /* ConsistencyRankingFeature.swift */,
				871059E82CC3B1FD00C4362D /* PushUpRankingFeature.swift */,
			);
			path = RankingDetail;
			sourceTree = "<group>";
		};
		8735D75E2CC39E7900C7824C /* DTO */ = {
			isa = PBXGroup;
			children = (
				8735D75F2CC39E8200C7824C /* DTO.swift */,
				8735D7612CC39E9800C7824C /* StatisticsResponse.swift */,
				8735D7682CC3A38700C7824C /* RankingResponse.swift */,
				87FFBD6C2CD54E02001AB389 /* SignInRequest.swift */,
				87FFBD6E2CD54EA9001AB389 /* SignUp.swift */,
				87E96B7A2CEDC0840053E39E /* PushUpRecordDTO.swift */,
			);
			path = DTO;
			sourceTree = "<group>";
		};
		8735D7652CC3A20F00C7824C /* Foundation */ = {
			isa = PBXGroup;
			children = (
				8735D7662CC3A23400C7824C /* Networkable.swift */,
				874ED60C2CEDD6430033972E /* NetworkError.swift */,
				874ED60E2CEDD6540033972E /* HTTPMethod.swift */,
				874ED6102CEDD8CB0033972E /* URLRequestConvertible.swift */,
			);
			path = Foundation;
			sourceTree = "<group>";
		};
		873C81AE2CD92DA30041F8FE /* Entity */ = {
			isa = PBXGroup;
			children = (
				873C81AF2CD92DB90041F8FE /* PTAppStorageKey.swift */,
			);
			path = Entity;
			sourceTree = "<group>";
		};
		873E9C852CD11F340015FB45 /* Style */ = {
			isa = PBXGroup;
			children = (
				873E9C862CD11F3D0015FB45 /* ButtonStyle.swift */,
			);
			path = Style;
			sourceTree = "<group>";
		};
		873E9C8A2CD13D510015FB45 /* View */ = {
			isa = PBXGroup;
			children = (
				873E9C8B2CD13D710015FB45 /* PTColorText.swift */,
			);
			path = View;
			sourceTree = "<group>";
		};
		873E9C902CD14A7A0015FB45 /* Web */ = {
			isa = PBXGroup;
			children = (
				873E9C912CD14A870015FB45 /* RepresentableWebView.swift */,
				8735D7462CC27A4900C7824C /* PTWebView.swift */,
				873E9C932CD210C10015FB45 /* PTWebFeature.swift */,
			);
			path = Web;
			sourceTree = "<group>";
		};
		8754676E2CC3DAAA00144BE3 /* HeaderTab */ = {
			isa = PBXGroup;
			children = (
				871059EC2CC3BBEE00C4362D /* HeaderTabView.swift */,
				8754676C2CC3C57A00144BE3 /* HeaderTabFeature.swift */,
			);
			path = HeaderTab;
			sourceTree = "<group>";
		};
		87E1EA142CC92074006FAA24 /* Client */ = {
			isa = PBXGroup;
			children = (
				87E1E9F82CC41D61006FAA24 /* ProximityClient.swift */,
				87E1E9FB2CC4C528006FAA24 /* HapticClient.swift */,
				87FFBD702CD55198001AB389 /* AppClient.swift */,
			);
			path = Client;
			sourceTree = "<group>";
		};
		87FFBD792CD660CE001AB389 /* PhysicalTrackUnitTests */ = {
			isa = PBXGroup;
			children = (
				87FFBD7A2CD660CE001AB389 /* JWTDecoderTests.swift */,
				872F5F382CE4733700887565 /* WorkoutFeatureTests.swift */,
				87D49E472CE6003700B880DE /* TimerFeatureTests.swift */,
			);
			path = PhysicalTrackUnitTests;
			sourceTree = "<group>";
		};
/* End PBXGroup section */

/* Begin PBXNativeTarget section */
		8717B5D52CC1FA7900542061 /* PhysicalTrack */ = {
			isa = PBXNativeTarget;
			buildConfigurationList = 8717B5E42CC1FA7B00542061 /* Build configuration list for PBXNativeTarget "PhysicalTrack" */;
			buildPhases = (
				8717B5D22CC1FA7900542061 /* Sources */,
				8717B5D32CC1FA7900542061 /* Frameworks */,
				8717B5D42CC1FA7900542061 /* Resources */,
			);
			buildRules = (
			);
			dependencies = (
			);
			name = PhysicalTrack;
			packageProductDependencies = (
				8717B5E82CC1FABB00542061 /* ComposableArchitecture */,
			);
			productName = PhysicalTrack;
			productReference = 8717B5D62CC1FA7900542061 /* PhysicalTrack.app */;
			productType = "com.apple.product-type.application";
		};
		87FFBD772CD660CE001AB389 /* PhysicalTrackUnitTests */ = {
			isa = PBXNativeTarget;
			buildConfigurationList = 87FFBD7E2CD660CE001AB389 /* Build configuration list for PBXNativeTarget "PhysicalTrackUnitTests" */;
			buildPhases = (
				87FFBD742CD660CE001AB389 /* Sources */,
				87FFBD752CD660CE001AB389 /* Frameworks */,
				87FFBD762CD660CE001AB389 /* Resources */,
			);
			buildRules = (
			);
			dependencies = (
				87FFBD7D2CD660CE001AB389 /* PBXTargetDependency */,
			);
			name = PhysicalTrackUnitTests;
			productName = PhysicalTrackUnitTests;
			productReference = 87FFBD782CD660CE001AB389 /* PhysicalTrackUnitTests.xctest */;
			productType = "com.apple.product-type.bundle.unit-test";
		};
/* End PBXNativeTarget section */

/* Begin PBXProject section */
		8717B5CE2CC1FA7900542061 /* Project object */ = {
			isa = PBXProject;
			attributes = {
				BuildIndependentTargetsInParallel = 1;
				LastSwiftUpdateCheck = 1500;
				LastUpgradeCheck = 1500;
				TargetAttributes = {
					8717B5D52CC1FA7900542061 = {
						CreatedOnToolsVersion = 15.0.1;
					};
					87FFBD772CD660CE001AB389 = {
						CreatedOnToolsVersion = 15.0.1;
						TestTargetID = 8717B5D52CC1FA7900542061;
					};
				};
			};
			buildConfigurationList = 8717B5D12CC1FA7900542061 /* Build configuration list for PBXProject "PhysicalTrack" */;
			compatibilityVersion = "Xcode 14.0";
			developmentRegion = en;
			hasScannedForEncodings = 0;
			knownRegions = (
				en,
				Base,
			);
			mainGroup = 8717B5CD2CC1FA7900542061;
			packageReferences = (
				8717B5E72CC1FABB00542061 /* XCRemoteSwiftPackageReference "swift-composable-architecture" */,
			);
			productRefGroup = 8717B5D72CC1FA7900542061 /* Products */;
			projectDirPath = "";
			projectRoot = "";
			targets = (
				8717B5D52CC1FA7900542061 /* PhysicalTrack */,
				87FFBD772CD660CE001AB389 /* PhysicalTrackUnitTests */,
			);
		};
/* End PBXProject section */

/* Begin PBXResourcesBuildPhase section */
		8717B5D42CC1FA7900542061 /* Resources */ = {
			isa = PBXResourcesBuildPhase;
			buildActionMask = 2147483647;
			files = (
				8717B5E12CC1FA7B00542061 /* Preview Assets.xcassets in Resources */,
				8717B5DE2CC1FA7B00542061 /* Assets.xcassets in Resources */,
				873E9C832CD11A2B0015FB45 /* Color.xcassets in Resources */,
			);
			runOnlyForDeploymentPostprocessing = 0;
		};
		87FFBD762CD660CE001AB389 /* Resources */ = {
			isa = PBXResourcesBuildPhase;
			buildActionMask = 2147483647;
			files = (
			);
			runOnlyForDeploymentPostprocessing = 0;
		};
/* End PBXResourcesBuildPhase section */

/* Begin PBXSourcesBuildPhase section */
		8717B5D22CC1FA7900542061 /* Sources */ = {
			isa = PBXSourcesBuildPhase;
			buildActionMask = 2147483647;
			files = (
				873E9C922CD14A870015FB45 /* RepresentableWebView.swift in Sources */,
				874ED60D2CEDD6430033972E /* NetworkError.swift in Sources */,
				873E9C8C2CD13D710015FB45 /* PTColorText.swift in Sources */,
				8735D7362CC25C7A00C7824C /* PushUp.swift in Sources */,
				871059E72CC3B1F500C4362D /* ConsistencyRankingFeature.swift in Sources */,
				8735D74A2CC27C7E00C7824C /* MainTabView.swift in Sources */,
				8735D7472CC27A4900C7824C /* PTWebView.swift in Sources */,
				87FFBD6D2CD54E02001AB389 /* SignInRequest.swift in Sources */,
				87E96B792CEDAE300053E39E /* WorkoutClient.swift in Sources */,
				87E1E9F92CC41D61006FAA24 /* ProximityClient.swift in Sources */,
				8735D7262CC21A8000C7824C /* Int+.swift in Sources */,
				873E9C892CD137A50015FB45 /* View+.swift in Sources */,
				8735D7592CC371FA00C7824C /* RankingDetailFeature.swift in Sources */,
				8735D7692CC3A38700C7824C /* RankingResponse.swift in Sources */,
				8735D7452CC27A2200C7824C /* RankingView.swift in Sources */,
				8735D7232CC20DD200C7824C /* TimerView.swift in Sources */,
				8735D7672CC3A23400C7824C /* Networkable.swift in Sources */,
				8735D7432CC279DA00C7824C /* SettingView.swift in Sources */,
				8717B5F42CC1FD6B00542061 /* WorkoutFeature.swift in Sources */,
				8735D7602CC39E8200C7824C /* DTO.swift in Sources */,
				873E9C942CD210C10015FB45 /* PTWebFeature.swift in Sources */,
				873C81AD2CD92C700041F8FE /* PersistenceReaderKey+.swift in Sources */,
				8735D7572CC371F100C7824C /* RankingDetailView.swift in Sources */,
				8735D73D2CC276F400C7824C /* StatisticsFeature.swift in Sources */,
				8735D7512CC27EF800C7824C /* OnboardingFeature.swift in Sources */,
				871059E92CC3B1FD00C4362D /* PushUpRankingFeature.swift in Sources */,
				8754676D2CC3C57A00144BE3 /* HeaderTabFeature.swift in Sources */,
				87FFBD712CD55198001AB389 /* AppClient.swift in Sources */,
				8735D73F2CC2777E00C7824C /* RankingFeatrue.swift in Sources */,
				8735D73B2CC2767600C7824C /* RootView.swift in Sources */,
				8735D7392CC2767000C7824C /* RootFeature.swift in Sources */,
				871059EB2CC3B26300C4362D /* RankingType.swift in Sources */,
				87FFBD732CD65C45001AB389 /* JWTDecoder.swift in Sources */,
				87FFBD6B2CD54DA2001AB389 /* AuthClient.swift in Sources */,
				873E9C962CD462E00015FB45 /* StatisticsView.swift in Sources */,
				873C81B02CD92DB90041F8FE /* PTAppStorageKey.swift in Sources */,
				8735D7322CC2557B00C7824C /* Workout.swift in Sources */,
				871059ED2CC3BBEE00C4362D /* HeaderTabView.swift in Sources */,
				874ED60F2CEDD6540033972E /* HTTPMethod.swift in Sources */,
				8735D74C2CC27C8C00C7824C /* MainFeature.swift in Sources */,
				873E9C872CD11F3D0015FB45 /* ButtonStyle.swift in Sources */,
				87E1E9FC2CC4C529006FAA24 /* HapticClient.swift in Sources */,
				8735D7342CC25C6500C7824C /* PushUpRecord.swift in Sources */,
				8735D7212CC20DCA00C7824C /* TimerFeature.swift in Sources */,
				8717B5DC2CC1FA7900542061 /* WorkoutView.swift in Sources */,
				8735D7532CC27EFE00C7824C /* OnboardingView.swift in Sources */,
				8735D7642CC3A1CA00C7824C /* RankingClient.swift in Sources */,
				8735D7412CC2779600C7824C /* SettingFeature.swift in Sources */,
				8717B5DA2CC1FA7900542061 /* PhysicalTrackApp.swift in Sources */,
				8735D7302CC254C800C7824C /* Grade.swift in Sources */,
				8735D75B2CC38D6F00C7824C /* GradeCriteria.swift in Sources */,
				8735D7622CC39E9800C7824C /* StatisticsResponse.swift in Sources */,
				87E96B7B2CEDC0840053E39E /* PushUpRecordDTO.swift in Sources */,
				874ED6112CEDD8CB0033972E /* URLRequestConvertible.swift in Sources */,
				8735D7292CC230BD00C7824C /* WorkoutResultFeature.swift in Sources */,
				8735D74E2CC27CD800C7824C /* MainScene.swift in Sources */,
				8735D72E2CC242CD00C7824C /* WorkoutResultView.swift in Sources */,
				87FFBD6F2CD54EA9001AB389 /* SignUp.swift in Sources */,
			);
			runOnlyForDeploymentPostprocessing = 0;
		};
		87FFBD742CD660CE001AB389 /* Sources */ = {
			isa = PBXSourcesBuildPhase;
			buildActionMask = 2147483647;
			files = (
				872F5F392CE4733700887565 /* WorkoutFeatureTests.swift in Sources */,
				87D49E482CE6003700B880DE /* TimerFeatureTests.swift in Sources */,
				87FFBD7B2CD660CE001AB389 /* JWTDecoderTests.swift in Sources */,
			);
			runOnlyForDeploymentPostprocessing = 0;
		};
/* End PBXSourcesBuildPhase section */

/* Begin PBXTargetDependency section */
		87FFBD7D2CD660CE001AB389 /* PBXTargetDependency */ = {
			isa = PBXTargetDependency;
			target = 8717B5D52CC1FA7900542061 /* PhysicalTrack */;
			targetProxy = 87FFBD7C2CD660CE001AB389 /* PBXContainerItemProxy */;
		};
/* End PBXTargetDependency section */

/* Begin XCBuildConfiguration section */
		8717B5E22CC1FA7B00542061 /* Debug */ = {
			isa = XCBuildConfiguration;
			buildSettings = {
				ALWAYS_SEARCH_USER_PATHS = NO;
				ASSETCATALOG_COMPILER_GENERATE_SWIFT_ASSET_SYMBOL_EXTENSIONS = YES;
				CLANG_ANALYZER_NONNULL = YES;
				CLANG_ANALYZER_NUMBER_OBJECT_CONVERSION = YES_AGGRESSIVE;
				CLANG_CXX_LANGUAGE_STANDARD = "gnu++20";
				CLANG_ENABLE_MODULES = YES;
				CLANG_ENABLE_OBJC_ARC = YES;
				CLANG_ENABLE_OBJC_WEAK = YES;
				CLANG_WARN_BLOCK_CAPTURE_AUTORELEASING = YES;
				CLANG_WARN_BOOL_CONVERSION = YES;
				CLANG_WARN_COMMA = YES;
				CLANG_WARN_CONSTANT_CONVERSION = YES;
				CLANG_WARN_DEPRECATED_OBJC_IMPLEMENTATIONS = YES;
				CLANG_WARN_DIRECT_OBJC_ISA_USAGE = YES_ERROR;
				CLANG_WARN_DOCUMENTATION_COMMENTS = YES;
				CLANG_WARN_EMPTY_BODY = YES;
				CLANG_WARN_ENUM_CONVERSION = YES;
				CLANG_WARN_INFINITE_RECURSION = YES;
				CLANG_WARN_INT_CONVERSION = YES;
				CLANG_WARN_NON_LITERAL_NULL_CONVERSION = YES;
				CLANG_WARN_OBJC_IMPLICIT_RETAIN_SELF = YES;
				CLANG_WARN_OBJC_LITERAL_CONVERSION = YES;
				CLANG_WARN_OBJC_ROOT_CLASS = YES_ERROR;
				CLANG_WARN_QUOTED_INCLUDE_IN_FRAMEWORK_HEADER = YES;
				CLANG_WARN_RANGE_LOOP_ANALYSIS = YES;
				CLANG_WARN_STRICT_PROTOTYPES = YES;
				CLANG_WARN_SUSPICIOUS_MOVE = YES;
				CLANG_WARN_UNGUARDED_AVAILABILITY = YES_AGGRESSIVE;
				CLANG_WARN_UNREACHABLE_CODE = YES;
				CLANG_WARN__DUPLICATE_METHOD_MATCH = YES;
				COPY_PHASE_STRIP = NO;
				DEBUG_INFORMATION_FORMAT = dwarf;
				ENABLE_STRICT_OBJC_MSGSEND = YES;
				ENABLE_TESTABILITY = YES;
				ENABLE_USER_SCRIPT_SANDBOXING = YES;
				GCC_C_LANGUAGE_STANDARD = gnu17;
				GCC_DYNAMIC_NO_PIC = NO;
				GCC_NO_COMMON_BLOCKS = YES;
				GCC_OPTIMIZATION_LEVEL = 0;
				GCC_PREPROCESSOR_DEFINITIONS = (
					"DEBUG=1",
					"$(inherited)",
				);
				GCC_WARN_64_TO_32_BIT_CONVERSION = YES;
				GCC_WARN_ABOUT_RETURN_TYPE = YES_ERROR;
				GCC_WARN_UNDECLARED_SELECTOR = YES;
				GCC_WARN_UNINITIALIZED_AUTOS = YES_AGGRESSIVE;
				GCC_WARN_UNUSED_FUNCTION = YES;
				GCC_WARN_UNUSED_VARIABLE = YES;
				IPHONEOS_DEPLOYMENT_TARGET = 17.0;
				LOCALIZATION_PREFERS_STRING_CATALOGS = YES;
				MTL_ENABLE_DEBUG_INFO = INCLUDE_SOURCE;
				MTL_FAST_MATH = YES;
				ONLY_ACTIVE_ARCH = YES;
				SDKROOT = iphoneos;
				SWIFT_ACTIVE_COMPILATION_CONDITIONS = "DEBUG $(inherited)";
				SWIFT_OPTIMIZATION_LEVEL = "-Onone";
			};
			name = Debug;
		};
		8717B5E32CC1FA7B00542061 /* Release */ = {
			isa = XCBuildConfiguration;
			buildSettings = {
				ALWAYS_SEARCH_USER_PATHS = NO;
				ASSETCATALOG_COMPILER_GENERATE_SWIFT_ASSET_SYMBOL_EXTENSIONS = YES;
				CLANG_ANALYZER_NONNULL = YES;
				CLANG_ANALYZER_NUMBER_OBJECT_CONVERSION = YES_AGGRESSIVE;
				CLANG_CXX_LANGUAGE_STANDARD = "gnu++20";
				CLANG_ENABLE_MODULES = YES;
				CLANG_ENABLE_OBJC_ARC = YES;
				CLANG_ENABLE_OBJC_WEAK = YES;
				CLANG_WARN_BLOCK_CAPTURE_AUTORELEASING = YES;
				CLANG_WARN_BOOL_CONVERSION = YES;
				CLANG_WARN_COMMA = YES;
				CLANG_WARN_CONSTANT_CONVERSION = YES;
				CLANG_WARN_DEPRECATED_OBJC_IMPLEMENTATIONS = YES;
				CLANG_WARN_DIRECT_OBJC_ISA_USAGE = YES_ERROR;
				CLANG_WARN_DOCUMENTATION_COMMENTS = YES;
				CLANG_WARN_EMPTY_BODY = YES;
				CLANG_WARN_ENUM_CONVERSION = YES;
				CLANG_WARN_INFINITE_RECURSION = YES;
				CLANG_WARN_INT_CONVERSION = YES;
				CLANG_WARN_NON_LITERAL_NULL_CONVERSION = YES;
				CLANG_WARN_OBJC_IMPLICIT_RETAIN_SELF = YES;
				CLANG_WARN_OBJC_LITERAL_CONVERSION = YES;
				CLANG_WARN_OBJC_ROOT_CLASS = YES_ERROR;
				CLANG_WARN_QUOTED_INCLUDE_IN_FRAMEWORK_HEADER = YES;
				CLANG_WARN_RANGE_LOOP_ANALYSIS = YES;
				CLANG_WARN_STRICT_PROTOTYPES = YES;
				CLANG_WARN_SUSPICIOUS_MOVE = YES;
				CLANG_WARN_UNGUARDED_AVAILABILITY = YES_AGGRESSIVE;
				CLANG_WARN_UNREACHABLE_CODE = YES;
				CLANG_WARN__DUPLICATE_METHOD_MATCH = YES;
				COPY_PHASE_STRIP = NO;
				DEBUG_INFORMATION_FORMAT = "dwarf-with-dsym";
				ENABLE_NS_ASSERTIONS = NO;
				ENABLE_STRICT_OBJC_MSGSEND = YES;
				ENABLE_USER_SCRIPT_SANDBOXING = YES;
				GCC_C_LANGUAGE_STANDARD = gnu17;
				GCC_NO_COMMON_BLOCKS = YES;
				GCC_WARN_64_TO_32_BIT_CONVERSION = YES;
				GCC_WARN_ABOUT_RETURN_TYPE = YES_ERROR;
				GCC_WARN_UNDECLARED_SELECTOR = YES;
				GCC_WARN_UNINITIALIZED_AUTOS = YES_AGGRESSIVE;
				GCC_WARN_UNUSED_FUNCTION = YES;
				GCC_WARN_UNUSED_VARIABLE = YES;
				IPHONEOS_DEPLOYMENT_TARGET = 17.0;
				LOCALIZATION_PREFERS_STRING_CATALOGS = YES;
				MTL_ENABLE_DEBUG_INFO = NO;
				MTL_FAST_MATH = YES;
				SDKROOT = iphoneos;
				SWIFT_COMPILATION_MODE = wholemodule;
				VALIDATE_PRODUCT = YES;
			};
			name = Release;
		};
		8717B5E52CC1FA7B00542061 /* Debug */ = {
			isa = XCBuildConfiguration;
			buildSettings = {
				ASSETCATALOG_COMPILER_APPICON_NAME = AppIcon;
				ASSETCATALOG_COMPILER_GLOBAL_ACCENT_COLOR_NAME = AccentColor;
				CODE_SIGN_STYLE = Automatic;
				CURRENT_PROJECT_VERSION = 1;
				DEVELOPMENT_ASSET_PATHS = "\"PhysicalTrack/Preview Content\"";
				DEVELOPMENT_TEAM = T6DNHAHXG9;
				ENABLE_PREVIEWS = YES;
				GENERATE_INFOPLIST_FILE = YES;
				INFOPLIST_FILE = PhysicalTrack/Info.plist;
				INFOPLIST_KEY_CFBundleDisplayName = "피지컬트랙";
				INFOPLIST_KEY_LSApplicationCategoryType = "public.app-category.healthcare-fitness";
				INFOPLIST_KEY_UIApplicationSceneManifest_Generation = YES;
				INFOPLIST_KEY_UIApplicationSupportsIndirectInputEvents = YES;
				INFOPLIST_KEY_UILaunchScreen_Generation = YES;
				INFOPLIST_KEY_UISupportedInterfaceOrientations = UIInterfaceOrientationPortrait;
				INFOPLIST_KEY_UISupportedInterfaceOrientations_iPad = "UIInterfaceOrientationLandscapeLeft UIInterfaceOrientationLandscapeRight UIInterfaceOrientationPortrait UIInterfaceOrientationPortraitUpsideDown";
				INFOPLIST_KEY_UIUserInterfaceStyle = Dark;
				LD_RUNPATH_SEARCH_PATHS = (
					"$(inherited)",
					"@executable_path/Frameworks",
				);
				MARKETING_VERSION = 1.0;
				PRODUCT_BUNDLE_IDENTIFIER = com.meltsplit.PhysicalTrack;
				PRODUCT_NAME = "$(TARGET_NAME)";
				SUPPORTED_PLATFORMS = "iphoneos iphonesimulator";
				SUPPORTS_MACCATALYST = NO;
				SUPPORTS_MAC_DESIGNED_FOR_IPHONE_IPAD = NO;
				SWIFT_EMIT_LOC_STRINGS = YES;
				SWIFT_VERSION = 5.0;
				TARGETED_DEVICE_FAMILY = 1;
			};
			name = Debug;
		};
		8717B5E62CC1FA7B00542061 /* Release */ = {
			isa = XCBuildConfiguration;
			buildSettings = {
				ASSETCATALOG_COMPILER_APPICON_NAME = AppIcon;
				ASSETCATALOG_COMPILER_GLOBAL_ACCENT_COLOR_NAME = AccentColor;
				CODE_SIGN_STYLE = Automatic;
				CURRENT_PROJECT_VERSION = 1;
				DEVELOPMENT_ASSET_PATHS = "\"PhysicalTrack/Preview Content\"";
				DEVELOPMENT_TEAM = T6DNHAHXG9;
				ENABLE_PREVIEWS = YES;
				GENERATE_INFOPLIST_FILE = YES;
				INFOPLIST_FILE = PhysicalTrack/Info.plist;
				INFOPLIST_KEY_CFBundleDisplayName = "피지컬트랙";
				INFOPLIST_KEY_LSApplicationCategoryType = "public.app-category.healthcare-fitness";
				INFOPLIST_KEY_UIApplicationSceneManifest_Generation = YES;
				INFOPLIST_KEY_UIApplicationSupportsIndirectInputEvents = YES;
				INFOPLIST_KEY_UILaunchScreen_Generation = YES;
				INFOPLIST_KEY_UISupportedInterfaceOrientations = UIInterfaceOrientationPortrait;
				INFOPLIST_KEY_UISupportedInterfaceOrientations_iPad = "UIInterfaceOrientationLandscapeLeft UIInterfaceOrientationLandscapeRight UIInterfaceOrientationPortrait UIInterfaceOrientationPortraitUpsideDown";
				INFOPLIST_KEY_UIUserInterfaceStyle = Dark;
				LD_RUNPATH_SEARCH_PATHS = (
					"$(inherited)",
					"@executable_path/Frameworks",
				);
				MARKETING_VERSION = 1.0;
				PRODUCT_BUNDLE_IDENTIFIER = com.meltsplit.PhysicalTrack;
				PRODUCT_NAME = "$(TARGET_NAME)";
				SUPPORTED_PLATFORMS = "iphoneos iphonesimulator";
				SUPPORTS_MACCATALYST = NO;
				SUPPORTS_MAC_DESIGNED_FOR_IPHONE_IPAD = NO;
				SWIFT_EMIT_LOC_STRINGS = YES;
				SWIFT_VERSION = 5.0;
				TARGETED_DEVICE_FAMILY = 1;
			};
			name = Release;
		};
		87FFBD7F2CD660CE001AB389 /* Debug */ = {
			isa = XCBuildConfiguration;
			buildSettings = {
				BUNDLE_LOADER = "$(TEST_HOST)";
				CODE_SIGN_STYLE = Automatic;
				CURRENT_PROJECT_VERSION = 1;
				DEVELOPMENT_TEAM = T6DNHAHXG9;
				GENERATE_INFOPLIST_FILE = YES;
				IPHONEOS_DEPLOYMENT_TARGET = 17.0;
				MARKETING_VERSION = 1.0;
				PRODUCT_BUNDLE_IDENTIFIER = com.meltsplit.PhysicalTrackUnitTests;
				PRODUCT_NAME = "$(TARGET_NAME)";
				SWIFT_EMIT_LOC_STRINGS = NO;
				SWIFT_VERSION = 5.0;
				TARGETED_DEVICE_FAMILY = "1,2";
				TEST_HOST = "$(BUILT_PRODUCTS_DIR)/PhysicalTrack.app/$(BUNDLE_EXECUTABLE_FOLDER_PATH)/PhysicalTrack";
			};
			name = Debug;
		};
		87FFBD802CD660CE001AB389 /* Release */ = {
			isa = XCBuildConfiguration;
			buildSettings = {
				BUNDLE_LOADER = "$(TEST_HOST)";
				CODE_SIGN_STYLE = Automatic;
				CURRENT_PROJECT_VERSION = 1;
				DEVELOPMENT_TEAM = T6DNHAHXG9;
				GENERATE_INFOPLIST_FILE = YES;
				IPHONEOS_DEPLOYMENT_TARGET = 17.0;
				MARKETING_VERSION = 1.0;
				PRODUCT_BUNDLE_IDENTIFIER = com.meltsplit.PhysicalTrackUnitTests;
				PRODUCT_NAME = "$(TARGET_NAME)";
				SWIFT_EMIT_LOC_STRINGS = NO;
				SWIFT_VERSION = 5.0;
				TARGETED_DEVICE_FAMILY = "1,2";
				TEST_HOST = "$(BUILT_PRODUCTS_DIR)/PhysicalTrack.app/$(BUNDLE_EXECUTABLE_FOLDER_PATH)/PhysicalTrack";
			};
			name = Release;
		};
/* End XCBuildConfiguration section */

/* Begin XCConfigurationList section */
		8717B5D12CC1FA7900542061 /* Build configuration list for PBXProject "PhysicalTrack" */ = {
			isa = XCConfigurationList;
			buildConfigurations = (
				8717B5E22CC1FA7B00542061 /* Debug */,
				8717B5E32CC1FA7B00542061 /* Release */,
			);
			defaultConfigurationIsVisible = 0;
			defaultConfigurationName = Release;
		};
		8717B5E42CC1FA7B00542061 /* Build configuration list for PBXNativeTarget "PhysicalTrack" */ = {
			isa = XCConfigurationList;
			buildConfigurations = (
				8717B5E52CC1FA7B00542061 /* Debug */,
				8717B5E62CC1FA7B00542061 /* Release */,
			);
			defaultConfigurationIsVisible = 0;
			defaultConfigurationName = Release;
		};
		87FFBD7E2CD660CE001AB389 /* Build configuration list for PBXNativeTarget "PhysicalTrackUnitTests" */ = {
			isa = XCConfigurationList;
			buildConfigurations = (
				87FFBD7F2CD660CE001AB389 /* Debug */,
				87FFBD802CD660CE001AB389 /* Release */,
			);
			defaultConfigurationIsVisible = 0;
			defaultConfigurationName = Release;
		};
/* End XCConfigurationList section */

/* Begin XCRemoteSwiftPackageReference section */
		8717B5E72CC1FABB00542061 /* XCRemoteSwiftPackageReference "swift-composable-architecture" */ = {
			isa = XCRemoteSwiftPackageReference;
			repositoryURL = "https://github.com/pointfreeco/swift-composable-architecture";
			requirement = {
				kind = upToNextMajorVersion;
				minimumVersion = 1.15.1;
			};
		};
/* End XCRemoteSwiftPackageReference section */

/* Begin XCSwiftPackageProductDependency section */
		8717B5E82CC1FABB00542061 /* ComposableArchitecture */ = {
			isa = XCSwiftPackageProductDependency;
			package = 8717B5E72CC1FABB00542061 /* XCRemoteSwiftPackageReference "swift-composable-architecture" */;
			productName = ComposableArchitecture;
		};
/* End XCSwiftPackageProductDependency section */
	};
	rootObject = 8717B5CE2CC1FA7900542061 /* Project object */;
}
